
Microsoft Visual Studio Solution File, Format Version 12.00
# Visual Studio 15
VisualStudioVersion = 15.0.28307.1972
MinimumVisualStudioVersion = 10.0.40219.1
Project("{FAE04EC0-301F-11D3-BF4B-00C04F79EFBC}") = "B_part", "B_part\B_part.csproj", "{DF0F950E-9FF0-4FBD-A4BE-790A219A727D}"
EndProject
Global
	GlobalSection(SolutionConfigurationPlatforms) = preSolution
		Debug|Any CPU = Debug|Any CPU
		Release|Any CPU = Release|Any CPU
	EndGlobalSection
	GlobalSection(ProjectConfigurationPlatforms) = postSolution
		{DF0F950E-9FF0-4FBD-A4BE-790A219A727D}.Debug|Any CPU.ActiveCfg = Debug|Any CPU
		{DF0F950E-9FF0-4FBD-A4BE-790A219A727D}.Debug|Any CPU.Build.0 = Debug|Any CPU
		{DF0F950E-9FF0-4FBD-A4BE-790A219A727D}.Release|Any CPU.ActiveCfg = Release|Any CPU
		{DF0F950E-9FF0-4FBD-A4BE-790A219A727D}.Release|Any CPU.Build.0 = Release|Any CPU
	EndGlobalSection
	GlobalSection(SolutionProperties) = preSolution
		HideSolutionNode = FALSE
	EndGlobalSection
	GlobalSection(ExtensibilityGlobals) = postSolution
		SolutionGuid = {CEC843FA-E6A3-403B-9710-92FA37F64D29}
	EndGlobalSection
EndGlobal
