
Microsoft Visual Studio Solution File, Format Version 12.00
# Visual Studio 15
VisualStudioVersion = 15.0.28307.1972
MinimumVisualStudioVersion = 10.0.40219.1
Project("{FAE04EC0-301F-11D3-BF4B-00C04F79EFBC}") = "LabSocketServer", "LabSocket\LabSocketServer.csproj", "{7828D6ED-75A0-4885-850D-98380008C4A3}"
EndProject
Global
	GlobalSection(SolutionConfigurationPlatforms) = preSolution
		Debug|Any CPU = Debug|Any CPU
		Release|Any CPU = Release|Any CPU
	EndGlobalSection
	GlobalSection(ProjectConfigurationPlatforms) = postSolution
		{7828D6ED-75A0-4885-850D-98380008C4A3}.Debug|Any CPU.ActiveCfg = Debug|Any CPU
		{7828D6ED-75A0-4885-850D-98380008C4A3}.Debug|Any CPU.Build.0 = Debug|Any CPU
		{7828D6ED-75A0-4885-850D-98380008C4A3}.Release|Any CPU.ActiveCfg = Release|Any CPU
		{7828D6ED-75A0-4885-850D-98380008C4A3}.Release|Any CPU.Build.0 = Release|Any CPU
	EndGlobalSection
	GlobalSection(SolutionProperties) = preSolution
		HideSolutionNode = FALSE
	EndGlobalSection
	GlobalSection(ExtensibilityGlobals) = postSolution
		SolutionGuid = {4C7A5CCC-E4B0-43C2-8103-3269C70F58D7}
	EndGlobalSection
EndGlobal
